
Microsoft Visual Studio Solution File, Format Version 12.00
# Visual Studio Version 16
VisualStudioVersion = 16.0.31129.286
MinimumVisualStudioVersion = 10.0.40219.1
Project("{E24C65DC-7377-472B-9ABA-BC803B73C61A}") = "NguyenThanhQui_5951071086", "NguyenThanhQui_5951071086\", "{166C4226-1A3C-4FE0-AB04-013B43AF2A58}"
	ProjectSection(WebsiteProperties) = preProject
		TargetFrameworkMoniker = ".NETFramework,Version%3Dv4.7.2"
		Debug.AspNetCompiler.VirtualPath = "/localhost_49950"
		Debug.AspNetCompiler.PhysicalPath = "NguyenThanhQui_5951071086\"
		Debug.AspNetCompiler.TargetPath = "PrecompiledWeb\localhost_49950\"
		Debug.AspNetCompiler.Updateable = "true"
		Debug.AspNetCompiler.ForceOverwrite = "true"
		Debug.AspNetCompiler.FixedNames = "false"
		Debug.AspNetCompiler.Debug = "True"
		Release.AspNetCompiler.VirtualPath = "/localhost_49950"
		Release.AspNetCompiler.PhysicalPath = "NguyenThanhQui_5951071086\"
		Release.AspNetCompiler.TargetPath = "PrecompiledWeb\localhost_49950\"
		Release.AspNetCompiler.Updateable = "true"
		Release.AspNetCompiler.ForceOverwrite = "true"
		Release.AspNetCompiler.FixedNames = "false"
		Release.AspNetCompiler.Debug = "False"
		VWDPort = "49950"
		SlnRelativePath = "NguyenThanhQui_5951071086\"
		DefaultWebSiteLanguage = "Visual C#"
	EndProjectSection
EndProject
Global
	GlobalSection(SolutionConfigurationPlatforms) = preSolution
		Debug|Any CPU = Debug|Any CPU
	EndGlobalSection
	GlobalSection(ProjectConfigurationPlatforms) = postSolution
		{166C4226-1A3C-4FE0-AB04-013B43AF2A58}.Debug|Any CPU.ActiveCfg = Debug|Any CPU
		{166C4226-1A3C-4FE0-AB04-013B43AF2A58}.Debug|Any CPU.Build.0 = Debug|Any CPU
	EndGlobalSection
	GlobalSection(SolutionProperties) = preSolution
		HideSolutionNode = FALSE
	EndGlobalSection
	GlobalSection(ExtensibilityGlobals) = postSolution
		SolutionGuid = {464E8037-1156-4821-B5A4-7F698FBB87C7}
	EndGlobalSection
EndGlobal
